
Microsoft Visual Studio Solution File, Format Version 12.00
# Visual Studio Version 16
VisualStudioVersion = 16.0.31129.286
MinimumVisualStudioVersion = 10.0.40219.1
Project("{FAE04EC0-301F-11D3-BF4B-00C04F79EFBC}") = "TrackedProgressBar", "TrackedProgressBar\TrackedProgressBar.csproj", "{5EA2686D-D680-4DBC-A2D1-0BEBFE1F652D}"
EndProject
Global
	GlobalSection(SolutionConfigurationPlatforms) = preSolution
		Debug|Any CPU = Debug|Any CPU
		Release|Any CPU = Release|Any CPU
	EndGlobalSection
	GlobalSection(ProjectConfigurationPlatforms) = postSolution
		{5EA2686D-D680-4DBC-A2D1-0BEBFE1F652D}.Debug|Any CPU.ActiveCfg = Debug|Any CPU
		{5EA2686D-D680-4DBC-A2D1-0BEBFE1F652D}.Debug|Any CPU.Build.0 = Debug|Any CPU
		{5EA2686D-D680-4DBC-A2D1-0BEBFE1F652D}.Release|Any CPU.ActiveCfg = Release|Any CPU
		{5EA2686D-D680-4DBC-A2D1-0BEBFE1F652D}.Release|Any CPU.Build.0 = Release|Any CPU
	EndGlobalSection
	GlobalSection(SolutionProperties) = preSolution
		HideSolutionNode = FALSE
	EndGlobalSection
	GlobalSection(ExtensibilityGlobals) = postSolution
		SolutionGuid = {AA3ED6AD-D208-403C-90E6-30FF2613A6E8}
	EndGlobalSection
EndGlobal
